
Microsoft Visual Studio Solution File, Format Version 12.00
# Visual Studio 15
Project("{FAE04EC0-301F-11D3-BF4B-00C04F79EFBC}") = "Assembly-CSharp", "Assembly-CSharp.csproj", "{C6B75E55-35F2-B8F1-B55C-DD972594F0E5}"
EndProject
Project("{FAE04EC0-301F-11D3-BF4B-00C04F79EFBC}") = "Assembly-CSharp-Editor", "Assembly-CSharp-Editor.csproj", "{B3969EB6-8938-A921-8EAE-7209C4D06217}"
EndProject
Global
	GlobalSection(SolutionConfigurationPlatforms) = preSolution
		Debug|Any CPU = Debug|Any CPU
		Release|Any CPU = Release|Any CPU
	EndGlobalSection
	GlobalSection(ProjectConfigurationPlatforms) = postSolution
		{C6B75E55-35F2-B8F1-B55C-DD972594F0E5}.Debug|Any CPU.ActiveCfg = Debug|Any CPU
		{C6B75E55-35F2-B8F1-B55C-DD972594F0E5}.Debug|Any CPU.Build.0 = Debug|Any CPU
		{C6B75E55-35F2-B8F1-B55C-DD972594F0E5}.Release|Any CPU.ActiveCfg = Release|Any CPU
		{C6B75E55-35F2-B8F1-B55C-DD972594F0E5}.Release|Any CPU.Build.0 = Release|Any CPU
		{B3969EB6-8938-A921-8EAE-7209C4D06217}.Debug|Any CPU.ActiveCfg = Debug|Any CPU
		{B3969EB6-8938-A921-8EAE-7209C4D06217}.Debug|Any CPU.Build.0 = Debug|Any CPU
		{B3969EB6-8938-A921-8EAE-7209C4D06217}.Release|Any CPU.ActiveCfg = Release|Any CPU
		{B3969EB6-8938-A921-8EAE-7209C4D06217}.Release|Any CPU.Build.0 = Release|Any CPU
	EndGlobalSection
	GlobalSection(SolutionProperties) = preSolution
		HideSolutionNode = FALSE
	EndGlobalSection
EndGlobal
